{
  "name": "pdf-2-llm",
  "version": "0.0.0",
  "lockfileVersion": 3,
  "requires": true,
  "packages": {
    "": {
      "name": "pdf-2-llm",
      "version": "0.0.0",
      "license": "0BSD",
      "workspaces": [
        "packages/*"
      ]
    },
    "node_modules/@pdf-2-llm/pdf2md": {
      "resolved": "packages/pdf2md",
      "link": true
    },
    "packages/pdf2md": {
      "name": "@pdf-2-llm/pdf2md",
      "version": "0.0.0",
      "license": "0BSD",
      "bin": {
        "pdf2md": "src/cli.mjs"
      }
    }
  }
}
